{
  "name": "movetest",
  "version": "1.0.0",
  "lockfileVersion": 3,
  "requires": true,
  "packages": {
    "": {
      "name": "movetest",
      "version": "1.0.0",
      "license": "ISC",
      "dependencies": {
        "@babylonjs/core": "^7.53.3",
        "@babylonjs/loaders": "^7.53.3"
      }
    },
    "node_modules/@babylonjs/core": {
      "version": "7.53.3",
      "resolved": "https://registry.npmjs.org/@babylonjs/core/-/core-7.53.3.tgz",
      "integrity": "sha512-clM03775eJ1X/kacTIZNji/1D2XMNQy57jTWGaUWDDlzDQoBeOpbIjhANfSeEsgeEM02diXrCkrfpMOcUHx2Ag==",
      "license": "Apache-2.0"
    },
    "node_modules/@babylonjs/loaders": {
      "version": "7.53.3",
      "resolved": "https://registry.npmjs.org/@babylonjs/loaders/-/loaders-7.53.3.tgz",
      "integrity": "sha512-NtrubMAQ+3kEqEVNfCQoje/cBkB9el8WBjokMLGBoeEjFRpctQwC8NfRn8EPyq7Mxf2pF1xRw4551+zR4wZdlg==",
      "license": "Apache-2.0",
      "peerDependencies": {
        "@babylonjs/core": "^7.0.0",
        "babylonjs-gltf2interface": "^7.0.0"
      }
    },
    "node_modules/babylonjs-gltf2interface": {
      "version": "7.53.3",
      "resolved": "https://registry.npmjs.org/babylonjs-gltf2interface/-/babylonjs-gltf2interface-7.53.3.tgz",
      "integrity": "sha512-6GMGftuGxEyZHvVpIj+DDXIzLV4vliEkY5Hp8yNzPBTR6rnrMdoHVf45EgBmCQpELM6LKyw97Li/PpEfPClIHg==",
      "license": "Apache-2.0",
      "peer": true
    }
  }
}
